// !$*UTF8*$!
{
	archiveVersion = 1;
	classes = {
	};
	objectVersion = 56;
	objects = {

/* Begin PBXBuildFile section */
		4840FA9A29FAEA46009EF09E /* AppDelegate.swift in Sources */ = {isa = PBXBuildFile; fileRef = 4840FA9929FAEA46009EF09E /* AppDelegate.swift */; };
		4840FA9C29FAEA46009EF09E /* SceneDelegate.swift in Sources */ = {isa = PBXBuildFile; fileRef = 4840FA9B29FAEA46009EF09E /* SceneDelegate.swift */; };
		4840FA9E29FAEA46009EF09E /* ViewController.swift in Sources */ = {isa = PBXBuildFile; fileRef = 4840FA9D29FAEA46009EF09E /* ViewController.swift */; };
		4840FAA129FAEA46009EF09E /* Main.storyboard in Resources */ = {isa = PBXBuildFile; fileRef = 4840FA9F29FAEA46009EF09E /* Main.storyboard */; };
		4840FAA329FAEA47009EF09E /* Assets.xcassets in Resources */ = {isa = PBXBuildFile; fileRef = 4840FAA229FAEA47009EF09E /* Assets.xcassets */; };
		4840FAA629FAEA47009EF09E /* LaunchScreen.storyboard in Resources */ = {isa = PBXBuildFile; fileRef = 4840FAA429FAEA47009EF09E /* LaunchScreen.storyboard */; };
		4840FAB129FAEA47009EF09E /* FinalTests.swift in Sources */ = {isa = PBXBuildFile; fileRef = 4840FAB029FAEA47009EF09E /* FinalTests.swift */; };
		4840FABB29FAEA47009EF09E /* FinalUITests.swift in Sources */ = {isa = PBXBuildFile; fileRef = 4840FABA29FAEA47009EF09E /* FinalUITests.swift */; };
		4840FABD29FAEA47009EF09E /* FinalUITestsLaunchTests.swift in Sources */ = {isa = PBXBuildFile; fileRef = 4840FABC29FAEA47009EF09E /* FinalUITestsLaunchTests.swift */; };
/* End PBXBuildFile section */

/* Begin PBXContainerItemProxy section */
		4840FAAD29FAEA47009EF09E /* PBXContainerItemProxy */ = {
			isa = PBXContainerItemProxy;
			containerPortal = 4840FA8E29FAEA46009EF09E /* Project object */;
			proxyType = 1;
			remoteGlobalIDString = 4840FA9529FAEA46009EF09E;
			remoteInfo = Final;
		};
		4840FAB729FAEA47009EF09E /* PBXContainerItemProxy */ = {
			isa = PBXContainerItemProxy;
			containerPortal = 4840FA8E29FAEA46009EF09E /* Project object */;
			proxyType = 1;
			remoteGlobalIDString = 4840FA9529FAEA46009EF09E;
			remoteInfo = Final;
		};
/* End PBXContainerItemProxy section */

/* Begin PBXFileReference section */
		4840FA9629FAEA46009EF09E /* Final.app */ = {isa = PBXFileReference; explicitFileType = wrapper.application; includeInIndex = 0; path = Final.app; sourceTree = BUILT_PRODUCTS_DIR; };
		4840FA9929FAEA46009EF09E /* AppDelegate.swift */ = {isa = PBXFileReference; lastKnownFileType = sourcecode.swift; path = AppDelegate.swift; sourceTree = "<group>"; };
		4840FA9B29FAEA46009EF09E /* SceneDelegate.swift */ = {isa = PBXFileReference; lastKnownFileType = sourcecode.swift; path = SceneDelegate.swift; sourceTree = "<group>"; };
		4840FA9D29FAEA46009EF09E /* ViewController.swift */ = {isa = PBXFileReference; lastKnownFileType = sourcecode.swift; path = ViewController.swift; sourceTree = "<group>"; };
		4840FAA029FAEA46009EF09E /* Base */ = {isa = PBXFileReference; lastKnownFileType = file.storyboard; name = Base; path = Base.lproj/Main.storyboard; sourceTree = "<group>"; };
		4840FAA229FAEA47009EF09E /* Assets.xcassets */ = {isa = PBXFileReference; lastKnownFileType = folder.assetcatalog; path = Assets.xcassets; sourceTree = "<group>"; };
		4840FAA529FAEA47009EF09E /* Base */ = {isa = PBXFileReference; lastKnownFileType = file.storyboard; name = Base; path = Base.lproj/LaunchScreen.storyboard; sourceTree = "<group>"; };
		4840FAA729FAEA47009EF09E /* Info.plist */ = {isa = PBXFileReference; lastKnownFileType = text.plist.xml; path = Info.plist; sourceTree = "<group>"; };
		4840FAAC29FAEA47009EF09E /* FinalTests.xctest */ = {isa = PBXFileReference; explicitFileType = wrapper.cfbundle; includeInIndex = 0; path = FinalTests.xctest; sourceTree = BUILT_PRODUCTS_DIR; };
		4840FAB029FAEA47009EF09E /* FinalTests.swift */ = {isa = PBXFileReference; lastKnownFileType = sourcecode.swift; path = FinalTests.swift; sourceTree = "<group>"; };
		4840FAB629FAEA47009EF09E /* FinalUITests.xctest */ = {isa = PBXFileReference; explicitFileType = wrapper.cfbundle; includeInIndex = 0; path = FinalUITests.xctest; sourceTree = BUILT_PRODUCTS_DIR; };
		4840FABA29FAEA47009EF09E /* FinalUITests.swift */ = {isa = PBXFileReference; lastKnownFileType = sourcecode.swift; path = FinalUITests.swift; sourceTree = "<group>"; };
		4840FABC29FAEA47009EF09E /* FinalUITestsLaunchTests.swift */ = {isa = PBXFileReference; lastKnownFileType = sourcecode.swift; path = FinalUITestsLaunchTests.swift; sourceTree = "<group>"; };
/* End PBXFileReference section */

/* Begin PBXFrameworksBuildPhase section */
		4840FA9329FAEA46009EF09E /* Frameworks */ = {
			isa = PBXFrameworksBuildPhase;
			buildActionMask = 2147483647;
			files = (
			);
			runOnlyForDeploymentPostprocessing = 0;
		};
		4840FAA929FAEA47009EF09E /* Frameworks */ = {
			isa = PBXFrameworksBuildPhase;
			buildActionMask = 2147483647;
			files = (
			);
			runOnlyForDeploymentPostprocessing = 0;
		};
		4840FAB329FAEA47009EF09E /* Frameworks */ = {
			isa = PBXFrameworksBuildPhase;
			buildActionMask = 2147483647;
			files = (
			);
			runOnlyForDeploymentPostprocessing = 0;
		};
/* End PBXFrameworksBuildPhase section */

/* Begin PBXGroup section */
		4840FA8D29FAEA46009EF09E = {
			isa = PBXGroup;
			children = (
				4840FA9829FAEA46009EF09E /* Final */,
				4840FAAF29FAEA47009EF09E /* FinalTests */,
				4840FAB929FAEA47009EF09E /* FinalUITests */,
				4840FA9729FAEA46009EF09E /* Products */,
			);
			sourceTree = "<group>";
		};
		4840FA9729FAEA46009EF09E /* Products */ = {
			isa = PBXGroup;
			children = (
				4840FA9629FAEA46009EF09E /* Final.app */,
				4840FAAC29FAEA47009EF09E /* FinalTests.xctest */,
				4840FAB629FAEA47009EF09E /* FinalUITests.xctest */,
			);
			name = Products;
			sourceTree = "<group>";
		};
		4840FA9829FAEA46009EF09E /* Final */ = {
			isa = PBXGroup;
			children = (
				4840FA9929FAEA46009EF09E /* AppDelegate.swift */,
				4840FA9B29FAEA46009EF09E /* SceneDelegate.swift */,
				4840FA9D29FAEA46009EF09E /* ViewController.swift */,
				4840FA9F29FAEA46009EF09E /* Main.storyboard */,
				4840FAA229FAEA47009EF09E /* Assets.xcassets */,
				4840FAA429FAEA47009EF09E /* LaunchScreen.storyboard */,
				4840FAA729FAEA47009EF09E /* Info.plist */,
			);
			path = Final;
			sourceTree = "<group>";
		};
		4840FAAF29FAEA47009EF09E /* FinalTests */ = {
			isa = PBXGroup;
			children = (
				4840FAB029FAEA47009EF09E /* FinalTests.swift */,
			);
			path = FinalTests;
			sourceTree = "<group>";
		};
		4840FAB929FAEA47009EF09E /* FinalUITests */ = {
			isa = PBXGroup;
			children = (
				4840FABA29FAEA47009EF09E /* FinalUITests.swift */,
				4840FABC29FAEA47009EF09E /* FinalUITestsLaunchTests.swift */,
			);
			path = FinalUITests;
			sourceTree = "<group>";
		};
/* End PBXGroup section */

/* Begin PBXNativeTarget section */
		4840FA9529FAEA46009EF09E /* Final */ = {
			isa = PBXNativeTarget;
			buildConfigurationList = 4840FAC029FAEA47009EF09E /* Build configuration list for PBXNativeTarget "Final" */;
			buildPhases = (
				4840FA9229FAEA46009EF09E /* Sources */,
				4840FA9329FAEA46009EF09E /* Frameworks */,
				4840FA9429FAEA46009EF09E /* Resources */,
			);
			buildRules = (
			);
			dependencies = (
			);
			name = Final;
			productName = Final;
			productReference = 4840FA9629FAEA46009EF09E /* Final.app */;
			productType = "com.apple.product-type.application";
		};
		4840FAAB29FAEA47009EF09E /* FinalTests */ = {
			isa = PBXNativeTarget;
			buildConfigurationList = 4840FAC329FAEA47009EF09E /* Build configuration list for PBXNativeTarget "FinalTests" */;
			buildPhases = (
				4840FAA829FAEA47009EF09E /* Sources */,
				4840FAA929FAEA47009EF09E /* Frameworks */,
				4840FAAA29FAEA47009EF09E /* Resources */,
			);
			buildRules = (
			);
			dependencies = (
				4840FAAE29FAEA47009EF09E /* PBXTargetDependency */,
			);
			name = FinalTests;
			productName = FinalTests;
			productReference = 4840FAAC29FAEA47009EF09E /* FinalTests.xctest */;
			productType = "com.apple.product-type.bundle.unit-test";
		};
		4840FAB529FAEA47009EF09E /* FinalUITests */ = {
			isa = PBXNativeTarget;
			buildConfigurationList = 4840FAC629FAEA47009EF09E /* Build configuration list for PBXNativeTarget "FinalUITests" */;
			buildPhases = (
				4840FAB229FAEA47009EF09E /* Sources */,
				4840FAB329FAEA47009EF09E /* Frameworks */,
				4840FAB429FAEA47009EF09E /* Resources */,
			);
			buildRules = (
			);
			dependencies = (
				4840FAB829FAEA47009EF09E /* PBXTargetDependency */,
			);
			name = FinalUITests;
			productName = FinalUITests;
			productReference = 4840FAB629FAEA47009EF09E /* FinalUITests.xctest */;
			productType = "com.apple.product-type.bundle.ui-testing";
		};
/* End PBXNativeTarget section */

/* Begin PBXProject section */
		4840FA8E29FAEA46009EF09E /* Project object */ = {
			isa = PBXProject;
			attributes = {
				BuildIndependentTargetsInParallel = 1;
				LastSwiftUpdateCheck = 1430;
				LastUpgradeCheck = 1430;
				TargetAttributes = {
					4840FA9529FAEA46009EF09E = {
						CreatedOnToolsVersion = 14.3;
					};
					4840FAAB29FAEA47009EF09E = {
						CreatedOnToolsVersion = 14.3;
						TestTargetID = 4840FA9529FAEA46009EF09E;
					};
					4840FAB529FAEA47009EF09E = {
						CreatedOnToolsVersion = 14.3;
						TestTargetID = 4840FA9529FAEA46009EF09E;
					};
				};
			};
			buildConfigurationList = 4840FA9129FAEA46009EF09E /* Build configuration list for PBXProject "Final" */;
			compatibilityVersion = "Xcode 14.0";
			developmentRegion = en;
			hasScannedForEncodings = 0;
			knownRegions = (
				en,
				Base,
			);
			mainGroup = 4840FA8D29FAEA46009EF09E;
			productRefGroup = 4840FA9729FAEA46009EF09E /* Products */;
			projectDirPath = "";
			projectRoot = "";
			targets = (
				4840FA9529FAEA46009EF09E /* Final */,
				4840FAAB29FAEA47009EF09E /* FinalTests */,
				4840FAB529FAEA47009EF09E /* FinalUITests */,
			);
		};
/* End PBXProject section */

/* Begin PBXResourcesBuildPhase section */
		4840FA9429FAEA46009EF09E /* Resources */ = {
			isa = PBXResourcesBuildPhase;
			buildActionMask = 2147483647;
			files = (
				4840FAA629FAEA47009EF09E /* LaunchScreen.storyboard in Resources */,
				4840FAA329FAEA47009EF09E /* Assets.xcassets in Resources */,
				4840FAA129FAEA46009EF09E /* Main.storyboard in Resources */,
			);
			runOnlyForDeploymentPostprocessing = 0;
		};
		4840FAAA29FAEA47009EF09E /* Resources */ = {
			isa = PBXResourcesBuildPhase;
			buildActionMask = 2147483647;
			files = (
			);
			runOnlyForDeploymentPostprocessing = 0;
		};
		4840FAB429FAEA47009EF09E /* Resources */ = {
			isa = PBXResourcesBuildPhase;
			buildActionMask = 2147483647;
			files = (
			);
			runOnlyForDeploymentPostprocessing = 0;
		};
/* End PBXResourcesBuildPhase section */

/* Begin PBXSourcesBuildPhase section */
		4840FA9229FAEA46009EF09E /* Sources */ = {
			isa = PBXSourcesBuildPhase;
			buildActionMask = 2147483647;
			files = (
				4840FA9E29FAEA46009EF09E /* ViewController.swift in Sources */,
				4840FA9A29FAEA46009EF09E /* AppDelegate.swift in Sources */,
				4840FA9C29FAEA46009EF09E /* SceneDelegate.swift in Sources */,
			);
			runOnlyForDeploymentPostprocessing = 0;
		};
		4840FAA829FAEA47009EF09E /* Sources */ = {
			isa = PBXSourcesBuildPhase;
			buildActionMask = 2147483647;
			files = (
				4840FAB129FAEA47009EF09E /* FinalTests.swift in Sources */,
			);
			runOnlyForDeploymentPostprocessing = 0;
		};
		4840FAB229FAEA47009EF09E /* Sources */ = {
			isa = PBXSourcesBuildPhase;
			buildActionMask = 2147483647;
			files = (
				4840FABB29FAEA47009EF09E /* FinalUITests.swift in Sources */,
				4840FABD29FAEA47009EF09E /* FinalUITestsLaunchTests.swift in Sources */,
			);
			runOnlyForDeploymentPostprocessing = 0;
		};
/* End PBXSourcesBuildPhase section */

/* Begin PBXTargetDependency section */
		4840FAAE29FAEA47009EF09E /* PBXTargetDependency */ = {
			isa = PBXTargetDependency;
			target = 4840FA9529FAEA46009EF09E /* Final */;
			targetProxy = 4840FAAD29FAEA47009EF09E /* PBXContainerItemProxy */;
		};
		4840FAB829FAEA47009EF09E /* PBXTargetDependency */ = {
			isa = PBXTargetDependency;
			target = 4840FA9529FAEA46009EF09E /* Final */;
			targetProxy = 4840FAB729FAEA47009EF09E /* PBXContainerItemProxy */;
		};
/* End PBXTargetDependency section */

/* Begin PBXVariantGroup section */
		4840FA9F29FAEA46009EF09E /* Main.storyboard */ = {
			isa = PBXVariantGroup;
			children = (
				4840FAA029FAEA46009EF09E /* Base */,
			);
			name = Main.storyboard;
			sourceTree = "<group>";
		};
		4840FAA429FAEA47009EF09E /* LaunchScreen.storyboard */ = {
			isa = PBXVariantGroup;
			children = (
				4840FAA529FAEA47009EF09E /* Base */,
			);
			name = LaunchScreen.storyboard;
			sourceTree = "<group>";
		};
/* End PBXVariantGroup section */

/* Begin XCBuildConfiguration section */
		4840FABE29FAEA47009EF09E /* Debug */ = {
			isa = XCBuildConfiguration;
			buildSettings = {
				ALWAYS_SEARCH_USER_PATHS = NO;
				CLANG_ANALYZER_NONNULL = YES;
				CLANG_ANALYZER_NUMBER_OBJECT_CONVERSION = YES_AGGRESSIVE;
				CLANG_CXX_LANGUAGE_STANDARD = "gnu++20";
				CLANG_ENABLE_MODULES = YES;
				CLANG_ENABLE_OBJC_ARC = YES;
				CLANG_ENABLE_OBJC_WEAK = YES;
				CLANG_WARN_BLOCK_CAPTURE_AUTORELEASING = YES;
				CLANG_WARN_BOOL_CONVERSION = YES;
				CLANG_WARN_COMMA = YES;
				CLANG_WARN_CONSTANT_CONVERSION = YES;
				CLANG_WARN_DEPRECATED_OBJC_IMPLEMENTATIONS = YES;
				CLANG_WARN_DIRECT_OBJC_ISA_USAGE = YES_ERROR;
				CLANG_WARN_DOCUMENTATION_COMMENTS = YES;
				CLANG_WARN_EMPTY_BODY = YES;
				CLANG_WARN_ENUM_CONVERSION = YES;
				CLANG_WARN_INFINITE_RECURSION = YES;
				CLANG_WARN_INT_CONVERSION = YES;
				CLANG_WARN_NON_LITERAL_NULL_CONVERSION = YES;
				CLANG_WARN_OBJC_IMPLICIT_RETAIN_SELF = YES;
				CLANG_WARN_OBJC_LITERAL_CONVERSION = YES;
				CLANG_WARN_OBJC_ROOT_CLASS = YES_ERROR;
				CLANG_WARN_QUOTED_INCLUDE_IN_FRAMEWORK_HEADER = YES;
				CLANG_WARN_RANGE_LOOP_ANALYSIS = YES;
				CLANG_WARN_STRICT_PROTOTYPES = YES;
				CLANG_WARN_SUSPICIOUS_MOVE = YES;
				CLANG_WARN_UNGUARDED_AVAILABILITY = YES_AGGRESSIVE;
				CLANG_WARN_UNREACHABLE_CODE = YES;
				CLANG_WARN__DUPLICATE_METHOD_MATCH = YES;
				COPY_PHASE_STRIP = NO;
				DEBUG_INFORMATION_FORMAT = dwarf;
				ENABLE_STRICT_OBJC_MSGSEND = YES;
				ENABLE_TESTABILITY = YES;
				GCC_C_LANGUAGE_STANDARD = gnu11;
				GCC_DYNAMIC_NO_PIC = NO;
				GCC_NO_COMMON_BLOCKS = YES;
				GCC_OPTIMIZATION_LEVEL = 0;
				GCC_PREPROCESSOR_DEFINITIONS = (
					"DEBUG=1",
					"$(inherited)",
				);
				GCC_WARN_64_TO_32_BIT_CONVERSION = YES;
				GCC_WARN_ABOUT_RETURN_TYPE = YES_ERROR;
				GCC_WARN_UNDECLARED_SELECTOR = YES;
				GCC_WARN_UNINITIALIZED_AUTOS = YES_AGGRESSIVE;
				GCC_WARN_UNUSED_FUNCTION = YES;
				GCC_WARN_UNUSED_VARIABLE = YES;
				IPHONEOS_DEPLOYMENT_TARGET = 16.4;
				MTL_ENABLE_DEBUG_INFO = INCLUDE_SOURCE;
				MTL_FAST_MATH = YES;
				ONLY_ACTIVE_ARCH = YES;
				SDKROOT = iphoneos;
				SWIFT_ACTIVE_COMPILATION_CONDITIONS = DEBUG;
				SWIFT_OPTIMIZATION_LEVEL = "-Onone";
			};
			name = Debug;
		};
		4840FABF29FAEA47009EF09E /* Release */ = {
			isa = XCBuildConfiguration;
			buildSettings = {
				ALWAYS_SEARCH_USER_PATHS = NO;
				CLANG_ANALYZER_NONNULL = YES;
				CLANG_ANALYZER_NUMBER_OBJECT_CONVERSION = YES_AGGRESSIVE;
				CLANG_CXX_LANGUAGE_STANDARD = "gnu++20";
				CLANG_ENABLE_MODULES = YES;
				CLANG_ENABLE_OBJC_ARC = YES;
				CLANG_ENABLE_OBJC_WEAK = YES;
				CLANG_WARN_BLOCK_CAPTURE_AUTORELEASING = YES;
				CLANG_WARN_BOOL_CONVERSION = YES;
				CLANG_WARN_COMMA = YES;
				CLANG_WARN_CONSTANT_CONVERSION = YES;
				CLANG_WARN_DEPRECATED_OBJC_IMPLEMENTATIONS = YES;
				CLANG_WARN_DIRECT_OBJC_ISA_USAGE = YES_ERROR;
				CLANG_WARN_DOCUMENTATION_COMMENTS = YES;
				CLANG_WARN_EMPTY_BODY = YES;
				CLANG_WARN_ENUM_CONVERSION = YES;
				CLANG_WARN_INFINITE_RECURSION = YES;
				CLANG_WARN_INT_CONVERSION = YES;
				CLANG_WARN_NON_LITERAL_NULL_CONVERSION = YES;
				CLANG_WARN_OBJC_IMPLICIT_RETAIN_SELF = YES;
				CLANG_WARN_OBJC_LITERAL_CONVERSION = YES;
				CLANG_WARN_OBJC_ROOT_CLASS = YES_ERROR;
				CLANG_WARN_QUOTED_INCLUDE_IN_FRAMEWORK_HEADER = YES;
				CLANG_WARN_RANGE_LOOP_ANALYSIS = YES;
				CLANG_WARN_STRICT_PROTOTYPES = YES;
				CLANG_WARN_SUSPICIOUS_MOVE = YES;
				CLANG_WARN_UNGUARDED_AVAILABILITY = YES_AGGRESSIVE;
				CLANG_WARN_UNREACHABLE_CODE = YES;
				CLANG_WARN__DUPLICATE_METHOD_MATCH = YES;
				COPY_PHASE_STRIP = NO;
				DEBUG_INFORMATION_FORMAT = "dwarf-with-dsym";
				ENABLE_NS_ASSERTIONS = NO;
				ENABLE_STRICT_OBJC_MSGSEND = YES;
				GCC_C_LANGUAGE_STANDARD = gnu11;
				GCC_NO_COMMON_BLOCKS = YES;
				GCC_WARN_64_TO_32_BIT_CONVERSION = YES;
				GCC_WARN_ABOUT_RETURN_TYPE = YES_ERROR;
				GCC_WARN_UNDECLARED_SELECTOR = YES;
				GCC_WARN_UNINITIALIZED_AUTOS = YES_AGGRESSIVE;
				GCC_WARN_UNUSED_FUNCTION = YES;
				GCC_WARN_UNUSED_VARIABLE = YES;
				IPHONEOS_DEPLOYMENT_TARGET = 16.4;
				MTL_ENABLE_DEBUG_INFO = NO;
				MTL_FAST_MATH = YES;
				SDKROOT = iphoneos;
				SWIFT_COMPILATION_MODE = wholemodule;
				SWIFT_OPTIMIZATION_LEVEL = "-O";
				VALIDATE_PRODUCT = YES;
			};
			name = Release;
		};
		4840FAC129FAEA47009EF09E /* Debug */ = {
			isa = XCBuildConfiguration;
			buildSettings = {
				ASSETCATALOG_COMPILER_APPICON_NAME = AppIcon;
				ASSETCATALOG_COMPILER_GLOBAL_ACCENT_COLOR_NAME = AccentColor;
				CODE_SIGN_STYLE = Automatic;
				CURRENT_PROJECT_VERSION = 1;
				GENERATE_INFOPLIST_FILE = YES;
				INFOPLIST_FILE = Final/Info.plist;
				INFOPLIST_KEY_UIApplicationSupportsIndirectInputEvents = YES;
				INFOPLIST_KEY_UILaunchStoryboardName = LaunchScreen;
				INFOPLIST_KEY_UIMainStoryboardFile = Main;
				INFOPLIST_KEY_UISupportedInterfaceOrientations_iPad = "UIInterfaceOrientationPortrait UIInterfaceOrientationPortraitUpsideDown UIInterfaceOrientationLandscapeLeft UIInterfaceOrientationLandscapeRight";
				INFOPLIST_KEY_UISupportedInterfaceOrientations_iPhone = "UIInterfaceOrientationPortrait UIInterfaceOrientationLandscapeLeft UIInterfaceOrientationLandscapeRight";
				LD_RUNPATH_SEARCH_PATHS = (
					"$(inherited)",
					"@executable_path/Frameworks",
				);
				MARKETING_VERSION = 1.0;
				PRODUCT_BUNDLE_IDENTIFIER = KoleReiser.Final;
				PRODUCT_NAME = "$(TARGET_NAME)";
				SWIFT_EMIT_LOC_STRINGS = YES;
				SWIFT_VERSION = 5.0;
				TARGETED_DEVICE_FAMILY = "1,2";
			};
			name = Debug;
		};
		4840FAC229FAEA47009EF09E /* Release */ = {
			isa = XCBuildConfiguration;
			buildSettings = {
				ASSETCATALOG_COMPILER_APPICON_NAME = AppIcon;
				ASSETCATALOG_COMPILER_GLOBAL_ACCENT_COLOR_NAME = AccentColor;
				CODE_SIGN_STYLE = Automatic;
				CURRENT_PROJECT_VERSION = 1;
				GENERATE_INFOPLIST_FILE = YES;
				INFOPLIST_FILE = Final/Info.plist;
				INFOPLIST_KEY_UIApplicationSupportsIndirectInputEvents = YES;
				INFOPLIST_KEY_UILaunchStoryboardName = LaunchScreen;
				INFOPLIST_KEY_UIMainStoryboardFile = Main;
				INFOPLIST_KEY_UISupportedInterfaceOrientations_iPad = "UIInterfaceOrientationPortrait UIInterfaceOrientationPortraitUpsideDown UIInterfaceOrientationLandscapeLeft UIInterfaceOrientationLandscapeRight";
				INFOPLIST_KEY_UISupportedInterfaceOrientations_iPhone = "UIInterfaceOrientationPortrait UIInterfaceOrientationLandscapeLeft UIInterfaceOrientationLandscapeRight";
				LD_RUNPATH_SEARCH_PATHS = (
					"$(inherited)",
					"@executable_path/Frameworks",
				);
				MARKETING_VERSION = 1.0;
				PRODUCT_BUNDLE_IDENTIFIER = KoleReiser.Final;
				PRODUCT_NAME = "$(TARGET_NAME)";
				SWIFT_EMIT_LOC_STRINGS = YES;
				SWIFT_VERSION = 5.0;
				TARGETED_DEVICE_FAMILY = "1,2";
			};
			name = Release;
		};
		4840FAC429FAEA47009EF09E /* Debug */ = {
			isa = XCBuildConfiguration;
			buildSettings = {
				ALWAYS_EMBED_SWIFT_STANDARD_LIBRARIES = YES;
				BUNDLE_LOADER = "$(TEST_HOST)";
				CODE_SIGN_STYLE = Automatic;
				CURRENT_PROJECT_VERSION = 1;
				GENERATE_INFOPLIST_FILE = YES;
				IPHONEOS_DEPLOYMENT_TARGET = 16.4;
				MARKETING_VERSION = 1.0;
				PRODUCT_BUNDLE_IDENTIFIER = KoleReiser.FinalTests;
				PRODUCT_NAME = "$(TARGET_NAME)";
				SWIFT_EMIT_LOC_STRINGS = NO;
				SWIFT_VERSION = 5.0;
				TARGETED_DEVICE_FAMILY = "1,2";
				TEST_HOST = "$(BUILT_PRODUCTS_DIR)/Final.app/$(BUNDLE_EXECUTABLE_FOLDER_PATH)/Final";
			};
			name = Debug;
		};
		4840FAC529FAEA47009EF09E /* Release */ = {
			isa = XCBuildConfiguration;
			buildSettings = {
				ALWAYS_EMBED_SWIFT_STANDARD_LIBRARIES = YES;
				BUNDLE_LOADER = "$(TEST_HOST)";
				CODE_SIGN_STYLE = Automatic;
				CURRENT_PROJECT_VERSION = 1;
				GENERATE_INFOPLIST_FILE = YES;
				IPHONEOS_DEPLOYMENT_TARGET = 16.4;
				MARKETING_VERSION = 1.0;
				PRODUCT_BUNDLE_IDENTIFIER = KoleReiser.FinalTests;
				PRODUCT_NAME = "$(TARGET_NAME)";
				SWIFT_EMIT_LOC_STRINGS = NO;
				SWIFT_VERSION = 5.0;
				TARGETED_DEVICE_FAMILY = "1,2";
				TEST_HOST = "$(BUILT_PRODUCTS_DIR)/Final.app/$(BUNDLE_EXECUTABLE_FOLDER_PATH)/Final";
			};
			name = Release;
		};
		4840FAC729FAEA47009EF09E /* Debug */ = {
			isa = XCBuildConfiguration;
			buildSettings = {
				ALWAYS_EMBED_SWIFT_STANDARD_LIBRARIES = YES;
				CODE_SIGN_STYLE = Automatic;
				CURRENT_PROJECT_VERSION = 1;
				GENERATE_INFOPLIST_FILE = YES;
				MARKETING_VERSION = 1.0;
				PRODUCT_BUNDLE_IDENTIFIER = KoleReiser.FinalUITests;
				PRODUCT_NAME = "$(TARGET_NAME)";
				SWIFT_EMIT_LOC_STRINGS = NO;
				SWIFT_VERSION = 5.0;
				TARGETED_DEVICE_FAMILY = "1,2";
				TEST_TARGET_NAME = Final;
			};
			name = Debug;
		};
		4840FAC829FAEA47009EF09E /* Release */ = {
			isa = XCBuildConfiguration;
			buildSettings = {
				ALWAYS_EMBED_SWIFT_STANDARD_LIBRARIES = YES;
				CODE_SIGN_STYLE = Automatic;
				CURRENT_PROJECT_VERSION = 1;
				GENERATE_INFOPLIST_FILE = YES;
				MARKETING_VERSION = 1.0;
				PRODUCT_BUNDLE_IDENTIFIER = KoleReiser.FinalUITests;
				PRODUCT_NAME = "$(TARGET_NAME)";
				SWIFT_EMIT_LOC_STRINGS = NO;
				SWIFT_VERSION = 5.0;
				TARGETED_DEVICE_FAMILY = "1,2";
				TEST_TARGET_NAME = Final;
			};
			name = Release;
		};
/* End XCBuildConfiguration section */

/* Begin XCConfigurationList section */
		4840FA9129FAEA46009EF09E /* Build configuration list for PBXProject "Final" */ = {
			isa = XCConfigurationList;
			buildConfigurations = (
				4840FABE29FAEA47009EF09E /* Debug */,
				4840FABF29FAEA47009EF09E /* Release */,
			);
			defaultConfigurationIsVisible = 0;
			defaultConfigurationName = Release;
		};
		4840FAC029FAEA47009EF09E /* Build configuration list for PBXNativeTarget "Final" */ = {
			isa = XCConfigurationList;
			buildConfigurations = (
				4840FAC129FAEA47009EF09E /* Debug */,
				4840FAC229FAEA47009EF09E /* Release */,
			);
			defaultConfigurationIsVisible = 0;
			defaultConfigurationName = Release;
		};
		4840FAC329FAEA47009EF09E /* Build configuration list for PBXNativeTarget "FinalTests" */ = {
			isa = XCConfigurationList;
			buildConfigurations = (
				4840FAC429FAEA47009EF09E /* Debug */,
				4840FAC529FAEA47009EF09E /* Release */,
			);
			defaultConfigurationIsVisible = 0;
			defaultConfigurationName = Release;
		};
		4840FAC629FAEA47009EF09E /* Build configuration list for PBXNativeTarget "FinalUITests" */ = {
			isa = XCConfigurationList;
			buildConfigurations = (
				4840FAC729FAEA47009EF09E /* Debug */,
				4840FAC829FAEA47009EF09E /* Release */,
			);
			defaultConfigurationIsVisible = 0;
			defaultConfigurationName = Release;
		};
/* End XCConfigurationList section */
	};
	rootObject = 4840FA8E29FAEA46009EF09E /* Project object */;
}
